
Microsoft Visual Studio Solution File, Format Version 12.00
# Visual Studio Version 17
VisualStudioVersion = 17.1.32210.238
MinimumVisualStudioVersion = 10.0.40219.1
Project("{9A19103F-16F7-4668-BE54-9A1E7A4F7556}") = "ProjectCohesion", "ProjectCohesion\ProjectCohesion.csproj", "{618B024A-BAAD-4D91-AEC7-6B5036B09E06}"
EndProject
Project("{FAE04EC0-301F-11D3-BF4B-00C04F79EFBC}") = "ProjectCohesion.Core", "ProjectCohesion.Core\ProjectCohesion.Core.csproj", "{1DE75A42-CC5E-4859-B8C2-6559D70C6B27}"
EndProject
Project("{FAE04EC0-301F-11D3-BF4B-00C04F79EFBC}") = "ProjectCohesion.XamlHost", "ProjectCohesion.XamlHost\ProjectCohesion.XamlHost.csproj", "{B61CE08C-14F3-4F94-AF2F-E9F22FD84950}"
EndProject
Project("{FAE04EC0-301F-11D3-BF4B-00C04F79EFBC}") = "ProjectCohesion.WinUI", "ProjectCohesion.WinUI\ProjectCohesion.WinUI.csproj", "{B772DAF7-85DC-4C61-99F5-4C1DEEA96531}"
EndProject
Project("{FAE04EC0-301F-11D3-BF4B-00C04F79EFBC}") = "ProjectCohesion.Win32", "ProjectCohesion.Win32\ProjectCohesion.Win32.csproj", "{F9F4FA8C-FA6A-421C-8B33-717DEDDA7B69}"
EndProject
Global
	GlobalSection(SolutionConfigurationPlatforms) = preSolution
		Debug|Any CPU = Debug|Any CPU
		Debug|ARM64 = Debug|ARM64
		Debug|x64 = Debug|x64
		Debug|x86 = Debug|x86
		Release|Any CPU = Release|Any CPU
		Release|ARM64 = Release|ARM64
		Release|x64 = Release|x64
		Release|x86 = Release|x86
	EndGlobalSection
	GlobalSection(ProjectConfigurationPlatforms) = postSolution
		{618B024A-BAAD-4D91-AEC7-6B5036B09E06}.Debug|Any CPU.ActiveCfg = Debug|x64
		{618B024A-BAAD-4D91-AEC7-6B5036B09E06}.Debug|Any CPU.Build.0 = Debug|x64
		{618B024A-BAAD-4D91-AEC7-6B5036B09E06}.Debug|ARM64.ActiveCfg = Debug|ARM64
		{618B024A-BAAD-4D91-AEC7-6B5036B09E06}.Debug|ARM64.Build.0 = Debug|ARM64
		{618B024A-BAAD-4D91-AEC7-6B5036B09E06}.Debug|x64.ActiveCfg = Debug|x64
		{618B024A-BAAD-4D91-AEC7-6B5036B09E06}.Debug|x64.Build.0 = Debug|x64
		{618B024A-BAAD-4D91-AEC7-6B5036B09E06}.Debug|x86.ActiveCfg = Debug|x86
		{618B024A-BAAD-4D91-AEC7-6B5036B09E06}.Debug|x86.Build.0 = Debug|x86
		{618B024A-BAAD-4D91-AEC7-6B5036B09E06}.Release|Any CPU.ActiveCfg = Release|x64
		{618B024A-BAAD-4D91-AEC7-6B5036B09E06}.Release|Any CPU.Build.0 = Release|x64
		{618B024A-BAAD-4D91-AEC7-6B5036B09E06}.Release|ARM64.ActiveCfg = Release|ARM64
		{618B024A-BAAD-4D91-AEC7-6B5036B09E06}.Release|ARM64.Build.0 = Release|ARM64
		{618B024A-BAAD-4D91-AEC7-6B5036B09E06}.Release|x64.ActiveCfg = Release|x64
		{618B024A-BAAD-4D91-AEC7-6B5036B09E06}.Release|x64.Build.0 = Release|x64
		{618B024A-BAAD-4D91-AEC7-6B5036B09E06}.Release|x86.ActiveCfg = Release|x86
		{618B024A-BAAD-4D91-AEC7-6B5036B09E06}.Release|x86.Build.0 = Release|x86
		{1DE75A42-CC5E-4859-B8C2-6559D70C6B27}.Debug|Any CPU.ActiveCfg = Debug|x64
		{1DE75A42-CC5E-4859-B8C2-6559D70C6B27}.Debug|Any CPU.Build.0 = Debug|x64
		{1DE75A42-CC5E-4859-B8C2-6559D70C6B27}.Debug|ARM64.ActiveCfg = Debug|ARM64
		{1DE75A42-CC5E-4859-B8C2-6559D70C6B27}.Debug|ARM64.Build.0 = Debug|ARM64
		{1DE75A42-CC5E-4859-B8C2-6559D70C6B27}.Debug|x64.ActiveCfg = Debug|x64
		{1DE75A42-CC5E-4859-B8C2-6559D70C6B27}.Debug|x64.Build.0 = Debug|x64
		{1DE75A42-CC5E-4859-B8C2-6559D70C6B27}.Debug|x86.ActiveCfg = Debug|x86
		{1DE75A42-CC5E-4859-B8C2-6559D70C6B27}.Debug|x86.Build.0 = Debug|x86
		{1DE75A42-CC5E-4859-B8C2-6559D70C6B27}.Release|Any CPU.ActiveCfg = Release|x64
		{1DE75A42-CC5E-4859-B8C2-6559D70C6B27}.Release|Any CPU.Build.0 = Release|x64
		{1DE75A42-CC5E-4859-B8C2-6559D70C6B27}.Release|ARM64.ActiveCfg = Release|ARM64
		{1DE75A42-CC5E-4859-B8C2-6559D70C6B27}.Release|ARM64.Build.0 = Release|ARM64
		{1DE75A42-CC5E-4859-B8C2-6559D70C6B27}.Release|x64.ActiveCfg = Release|x64
		{1DE75A42-CC5E-4859-B8C2-6559D70C6B27}.Release|x64.Build.0 = Release|x64
		{1DE75A42-CC5E-4859-B8C2-6559D70C6B27}.Release|x86.ActiveCfg = Release|x86
		{1DE75A42-CC5E-4859-B8C2-6559D70C6B27}.Release|x86.Build.0 = Release|x86
		{B61CE08C-14F3-4F94-AF2F-E9F22FD84950}.Debug|Any CPU.ActiveCfg = Debug|Any CPU
		{B61CE08C-14F3-4F94-AF2F-E9F22FD84950}.Debug|Any CPU.Build.0 = Debug|Any CPU
		{B61CE08C-14F3-4F94-AF2F-E9F22FD84950}.Debug|Any CPU.Deploy.0 = Debug|Any CPU
		{B61CE08C-14F3-4F94-AF2F-E9F22FD84950}.Debug|ARM64.ActiveCfg = Debug|ARM64
		{B61CE08C-14F3-4F94-AF2F-E9F22FD84950}.Debug|ARM64.Build.0 = Debug|ARM64
		{B61CE08C-14F3-4F94-AF2F-E9F22FD84950}.Debug|x64.ActiveCfg = Debug|x64
		{B61CE08C-14F3-4F94-AF2F-E9F22FD84950}.Debug|x64.Build.0 = Debug|x64
		{B61CE08C-14F3-4F94-AF2F-E9F22FD84950}.Debug|x86.ActiveCfg = Debug|x86
		{B61CE08C-14F3-4F94-AF2F-E9F22FD84950}.Debug|x86.Build.0 = Debug|x86
		{B61CE08C-14F3-4F94-AF2F-E9F22FD84950}.Release|Any CPU.ActiveCfg = Release|Any CPU
		{B61CE08C-14F3-4F94-AF2F-E9F22FD84950}.Release|Any CPU.Build.0 = Release|Any CPU
		{B61CE08C-14F3-4F94-AF2F-E9F22FD84950}.Release|Any CPU.Deploy.0 = Release|Any CPU
		{B61CE08C-14F3-4F94-AF2F-E9F22FD84950}.Release|ARM64.ActiveCfg = Release|ARM64
		{B61CE08C-14F3-4F94-AF2F-E9F22FD84950}.Release|ARM64.Build.0 = Release|ARM64
		{B61CE08C-14F3-4F94-AF2F-E9F22FD84950}.Release|x64.ActiveCfg = Release|x64
		{B61CE08C-14F3-4F94-AF2F-E9F22FD84950}.Release|x64.Build.0 = Release|x64
		{B61CE08C-14F3-4F94-AF2F-E9F22FD84950}.Release|x86.ActiveCfg = Release|x86
		{B61CE08C-14F3-4F94-AF2F-E9F22FD84950}.Release|x86.Build.0 = Release|x86
		{B772DAF7-85DC-4C61-99F5-4C1DEEA96531}.Debug|Any CPU.ActiveCfg = Debug|Any CPU
		{B772DAF7-85DC-4C61-99F5-4C1DEEA96531}.Debug|Any CPU.Build.0 = Debug|Any CPU
		{B772DAF7-85DC-4C61-99F5-4C1DEEA96531}.Debug|ARM64.ActiveCfg = Debug|ARM64
		{B772DAF7-85DC-4C61-99F5-4C1DEEA96531}.Debug|ARM64.Build.0 = Debug|ARM64
		{B772DAF7-85DC-4C61-99F5-4C1DEEA96531}.Debug|x64.ActiveCfg = Debug|x64
		{B772DAF7-85DC-4C61-99F5-4C1DEEA96531}.Debug|x64.Build.0 = Debug|x64
		{B772DAF7-85DC-4C61-99F5-4C1DEEA96531}.Debug|x86.ActiveCfg = Debug|x86
		{B772DAF7-85DC-4C61-99F5-4C1DEEA96531}.Debug|x86.Build.0 = Debug|x86
		{B772DAF7-85DC-4C61-99F5-4C1DEEA96531}.Release|Any CPU.ActiveCfg = Release|Any CPU
		{B772DAF7-85DC-4C61-99F5-4C1DEEA96531}.Release|Any CPU.Build.0 = Release|Any CPU
		{B772DAF7-85DC-4C61-99F5-4C1DEEA96531}.Release|ARM64.ActiveCfg = Release|ARM64
		{B772DAF7-85DC-4C61-99F5-4C1DEEA96531}.Release|ARM64.Build.0 = Release|ARM64
		{B772DAF7-85DC-4C61-99F5-4C1DEEA96531}.Release|x64.ActiveCfg = Release|x64
		{B772DAF7-85DC-4C61-99F5-4C1DEEA96531}.Release|x64.Build.0 = Release|x64
		{B772DAF7-85DC-4C61-99F5-4C1DEEA96531}.Release|x86.ActiveCfg = Release|x86
		{B772DAF7-85DC-4C61-99F5-4C1DEEA96531}.Release|x86.Build.0 = Release|x86
		{F9F4FA8C-FA6A-421C-8B33-717DEDDA7B69}.Debug|Any CPU.ActiveCfg = Debug|Any CPU
		{F9F4FA8C-FA6A-421C-8B33-717DEDDA7B69}.Debug|Any CPU.Build.0 = Debug|Any CPU
		{F9F4FA8C-FA6A-421C-8B33-717DEDDA7B69}.Debug|ARM64.ActiveCfg = Debug|Any CPU
		{F9F4FA8C-FA6A-421C-8B33-717DEDDA7B69}.Debug|ARM64.Build.0 = Debug|Any CPU
		{F9F4FA8C-FA6A-421C-8B33-717DEDDA7B69}.Debug|x64.ActiveCfg = Debug|Any CPU
		{F9F4FA8C-FA6A-421C-8B33-717DEDDA7B69}.Debug|x64.Build.0 = Debug|Any CPU
		{F9F4FA8C-FA6A-421C-8B33-717DEDDA7B69}.Debug|x86.ActiveCfg = Debug|Any CPU
		{F9F4FA8C-FA6A-421C-8B33-717DEDDA7B69}.Debug|x86.Build.0 = Debug|Any CPU
		{F9F4FA8C-FA6A-421C-8B33-717DEDDA7B69}.Release|Any CPU.ActiveCfg = Release|Any CPU
		{F9F4FA8C-FA6A-421C-8B33-717DEDDA7B69}.Release|Any CPU.Build.0 = Release|Any CPU
		{F9F4FA8C-FA6A-421C-8B33-717DEDDA7B69}.Release|ARM64.ActiveCfg = Release|Any CPU
		{F9F4FA8C-FA6A-421C-8B33-717DEDDA7B69}.Release|ARM64.Build.0 = Release|Any CPU
		{F9F4FA8C-FA6A-421C-8B33-717DEDDA7B69}.Release|x64.ActiveCfg = Release|Any CPU
		{F9F4FA8C-FA6A-421C-8B33-717DEDDA7B69}.Release|x64.Build.0 = Release|Any CPU
		{F9F4FA8C-FA6A-421C-8B33-717DEDDA7B69}.Release|x86.ActiveCfg = Release|Any CPU
		{F9F4FA8C-FA6A-421C-8B33-717DEDDA7B69}.Release|x86.Build.0 = Release|Any CPU
	EndGlobalSection
	GlobalSection(SolutionProperties) = preSolution
		HideSolutionNode = FALSE
	EndGlobalSection
	GlobalSection(ExtensibilityGlobals) = postSolution
		SolutionGuid = {83025D62-DE95-4FC8-A0F2-5C7E19560228}
	EndGlobalSection
EndGlobal
